
Microsoft Visual Studio Solution File, Format Version 12.00
# Visual Studio Version 17
VisualStudioVersion = 17.1.32210.238
MinimumVisualStudioVersion = 10.0.40219.1
Project("{FAE04EC0-301F-11D3-BF4B-00C04F79EFBC}") = "Entity Framework", "Entity Framework\Entity Framework.csproj", "{F7DA4F41-7DC3-41B7-99BF-A8B96E86BC0A}"
EndProject
Global
	GlobalSection(SolutionConfigurationPlatforms) = preSolution
		Debug|Any CPU = Debug|Any CPU
		Release|Any CPU = Release|Any CPU
	EndGlobalSection
	GlobalSection(ProjectConfigurationPlatforms) = postSolution
		{F7DA4F41-7DC3-41B7-99BF-A8B96E86BC0A}.Debug|Any CPU.ActiveCfg = Debug|Any CPU
		{F7DA4F41-7DC3-41B7-99BF-A8B96E86BC0A}.Debug|Any CPU.Build.0 = Debug|Any CPU
		{F7DA4F41-7DC3-41B7-99BF-A8B96E86BC0A}.Release|Any CPU.ActiveCfg = Release|Any CPU
		{F7DA4F41-7DC3-41B7-99BF-A8B96E86BC0A}.Release|Any CPU.Build.0 = Release|Any CPU
	EndGlobalSection
	GlobalSection(SolutionProperties) = preSolution
		HideSolutionNode = FALSE
	EndGlobalSection
	GlobalSection(ExtensibilityGlobals) = postSolution
		SolutionGuid = {9683A311-673D-47A5-AA39-7EB9F854FB5F}
	EndGlobalSection
EndGlobal
